
Microsoft Visual Studio Solution File, Format Version 12.00
# Visual Studio Version 17
VisualStudioVersion = 17.8.34525.116
MinimumVisualStudioVersion = 10.0.40219.1
Project("{2150E333-8FDC-42A3-9474-1A3956D46DE8}") = "Chapter01", "Chapter01", "{3E25FA9B-24F4-47CD-BEA9-40F6AD8EB49D}"
EndProject
Project("{9A19103F-16F7-4668-BE54-9A1E7A4F7556}") = "HelloWorld", "Chapter01\HelloWorld\HelloWorld.csproj", "{24888827-1D5D-41ED-991A-552D2DDE0F50}"
EndProject
Project("{9A19103F-16F7-4668-BE54-9A1E7A4F7556}") = "HelloWorld2", "Chapter01\HelloWorld2\HelloWorld2.csproj", "{AB6510C0-D819-4138-B513-7D1CCAAB8B6F}"
EndProject
Project("{FAE04EC0-301F-11D3-BF4B-00C04F79EFBC}") = "TestHello", "Chapter01\TestHello\TestHello.csproj", "{E8932B6B-1F15-451A-BB9F-B810063BCCAA}"
EndProject
Project("{FAE04EC0-301F-11D3-BF4B-00C04F79EFBC}") = "HelloUWP", "Chapter01\HelloUWP\HelloUWP.csproj", "{F5B07663-E8CA-49ED-8985-0E1F3F4977D0}"
EndProject
Project("{2150E333-8FDC-42A3-9474-1A3956D46DE8}") = "Chapter02", "Chapter02", "{FD3C9FEF-4C76-4210-9BCF-050C21FD2FDE}"
EndProject
Project("{FAE04EC0-301F-11D3-BF4B-00C04F79EFBC}") = "PrimitiveDataTypes", "Chapter02\PrimitiveDataTypes\PrimitiveDataTypes.csproj", "{36105C4C-5685-476E-A237-9545F14CE289}"
EndProject
Project("{FAE04EC0-301F-11D3-BF4B-00C04F79EFBC}") = "MathsOperators", "Chapter02\MathsOperators\MathsOperators.csproj", "{760EDA5C-9295-495A-8883-43A5D7D4E043}"
EndProject
Project("{2150E333-8FDC-42A3-9474-1A3956D46DE8}") = "Chapter03", "Chapter03", "{4B84E115-36FB-4416-9CE2-4FC381B15099}"
EndProject
Project("{FAE04EC0-301F-11D3-BF4B-00C04F79EFBC}") = "Methods", "Chapter03\Methods\Methods.csproj", "{D17D860A-6786-447E-9A28-A65FEB222B8D}"
EndProject
Project("{FAE04EC0-301F-11D3-BF4B-00C04F79EFBC}") = "DailyRate", "Chapter03\DailyRate\DailyRate.csproj", "{27331568-5D13-4713-888B-013079A9FD2E}"
EndProject
Project("{FAE04EC0-301F-11D3-BF4B-00C04F79EFBC}") = "Factorial", "Chapter03\Factorial\Factorial.csproj", "{7276462A-22CB-4A20-9562-3B78D98E6DC7}"
EndProject
Project("{FAE04EC0-301F-11D3-BF4B-00C04F79EFBC}") = "DailyRateUsingOptionalParameters", "Chapter03\DailyRateUsingOptionalParameters\DailyRateUsingOptionalParameters.csproj", "{A8A0DBE9-1B89-43E5-A856-30D3254E843C}"
EndProject
Project("{2150E333-8FDC-42A3-9474-1A3956D46DE8}") = "Chapter04", "Chapter04", "{6DF1CA32-59C2-4B92-9E8C-3E09E0981C56}"
EndProject
Project("{FAE04EC0-301F-11D3-BF4B-00C04F79EFBC}") = "Selection", "Chapter04\Selection\Selection.csproj", "{0DE4CAF7-F596-4540-AD9D-2AD5F35AE9FB}"
EndProject
Project("{FAE04EC0-301F-11D3-BF4B-00C04F79EFBC}") = "SwitchStatement", "Chapter04\SwitchStatement\SwitchStatement.csproj", "{CBFB0D9D-B74D-4D18-A6B1-0D1B6FBD58DC}"
EndProject
Project("{2150E333-8FDC-42A3-9474-1A3956D46DE8}") = "Chapter05", "Chapter05", "{690922CB-720D-4719-B933-DDCBFCCE108C}"
EndProject
Project("{FAE04EC0-301F-11D3-BF4B-00C04F79EFBC}") = "WhileStatement", "Chapter05\WhileStatement\WhileStatement.csproj", "{128A78C5-8292-4705-88CC-C2419306C0B7}"
EndProject
Project("{FAE04EC0-301F-11D3-BF4B-00C04F79EFBC}") = "DoStatement", "Chapter05\DoStatement\DoStatement.csproj", "{5A342560-AA69-4CF4-900D-D236F935472E}"
EndProject
Project("{2150E333-8FDC-42A3-9474-1A3956D46DE8}") = "Chapter06", "Chapter06", "{5DE77CCB-D549-4F79-97C2-6725199CB1BD}"
EndProject
Project("{FAE04EC0-301F-11D3-BF4B-00C04F79EFBC}") = "MathsOperators", "Chapter06\MathsOperators\MathsOperators.csproj", "{F3B3802F-FA35-4BFB-895B-3DF07672A25A}"
EndProject
Project("{2150E333-8FDC-42A3-9474-1A3956D46DE8}") = "Chapter07", "Chapter07", "{338D5CA4-23BF-4FB5-B25D-05BC44B53886}"
EndProject
Project("{FAE04EC0-301F-11D3-BF4B-00C04F79EFBC}") = "Classes", "Chapter07\Classes\Classes.csproj", "{8C8C70F6-182A-4BFC-B1B9-F5329C46BE34}"
EndProject
Project("{2150E333-8FDC-42A3-9474-1A3956D46DE8}") = "Chapter08", "Chapter08", "{48F597B7-E18E-44C5-8BC3-2C9EC0F73BF7}"
EndProject
Project("{FAE04EC0-301F-11D3-BF4B-00C04F79EFBC}") = "Parameters", "Chapter08\Parameters\Parameters.csproj", "{AAC43C90-4A3B-4B10-A493-609E0BFF81F9}"
EndProject
Project("{FAE04EC0-301F-11D3-BF4B-00C04F79EFBC}") = "FarmSim", "FarmSim\FarmSim.csproj", "{FB1D434A-EB61-4B1C-B60C-86FFE53D8B35}"
EndProject
Project("{2150E333-8FDC-42A3-9474-1A3956D46DE8}") = "Test", "Test", "{F6C4392C-FAE8-481E-98CE-81D5728185A7}"
EndProject
Project("{FAE04EC0-301F-11D3-BF4B-00C04F79EFBC}") = "Test01", "Test\Test01\Test01.csproj", "{31D486AA-9A95-42C8-A94E-0DE556CFD30A}"
EndProject
Project("{FAE04EC0-301F-11D3-BF4B-00C04F79EFBC}") = "Test02", "Test\Test02\Test02.csproj", "{F289D616-BA68-4E61-94C6-7ADD2304657F}"
EndProject
Project("{FAE04EC0-301F-11D3-BF4B-00C04F79EFBC}") = "Test03", "Test\Test03\Test03.csproj", "{1D98AF91-7368-41CB-AEDD-C52EECA05F15}"
EndProject
Project("{FAE04EC0-301F-11D3-BF4B-00C04F79EFBC}") = "Test04", "Test\Test04\Test04.csproj", "{CEFB4890-2747-4387-9607-5151007BC668}"
EndProject
Project("{FAE04EC0-301F-11D3-BF4B-00C04F79EFBC}") = "Test05", "Test\Test05\Test05.csproj", "{AD4C7A6A-7A83-4FD1-BC3C-2F4A26E66F69}"
EndProject
Project("{FAE04EC0-301F-11D3-BF4B-00C04F79EFBC}") = "Test06", "Test\Test06\Test06.csproj", "{CBD9DBA0-0C66-4852-9AAB-D80494ED1830}"
EndProject
Project("{FAE04EC0-301F-11D3-BF4B-00C04F79EFBC}") = "Test07", "Test\Test07\Test07.csproj", "{CFBF405A-7361-4AB5-A774-A97FA876DFEA}"
EndProject
Project("{2150E333-8FDC-42A3-9474-1A3956D46DE8}") = "Chapter09", "Chapter09", "{767ACEA5-2C24-4CA4-B268-17C79B4B0442}"
EndProject
Project("{FAE04EC0-301F-11D3-BF4B-00C04F79EFBC}") = "StructsAndEnums", "Chapter09\StructsAndEnums\StructsAndEnums.csproj", "{5EDFCE36-B865-4CE9-8937-2126B417978C}"
EndProject
Project("{FAE04EC0-301F-11D3-BF4B-00C04F79EFBC}") = "Test08", "Test\Test08\Test08.csproj", "{C1A2EB3C-2DAA-4EA1-B1F3-57F958E73B87}"
EndProject
Project("{FAE04EC0-301F-11D3-BF4B-00C04F79EFBC}") = "Test09", "Test\Test09\Test09.csproj", "{09057922-5070-410A-9740-42B2F869E495}"
EndProject
Project("{2150E333-8FDC-42A3-9474-1A3956D46DE8}") = "Chapter10", "Chapter10", "{99FD5B08-925A-43F7-BEB0-DB498066907C}"
EndProject
Project("{FAE04EC0-301F-11D3-BF4B-00C04F79EFBC}") = "Cards", "Chapter10\Cards\Cards.csproj", "{0F41258D-74C1-4828-ABEB-45C55E1DE7A4}"
EndProject
Project("{FAE04EC0-301F-11D3-BF4B-00C04F79EFBC}") = "Test10", "Test\Test10\Test10.csproj", "{701C9B1C-89B2-476D-8574-BEA5526C6A39}"
EndProject
Project("{FAE04EC0-301F-11D3-BF4B-00C04F79EFBC}") = "Test11", "Test\Test11\Test11.csproj", "{2659EFEA-03E1-4A9B-A420-57737F839300}"
EndProject
Project("{FAE04EC0-301F-11D3-BF4B-00C04F79EFBC}") = "Test12", "Test\Test12\Test12.csproj", "{2D460DAE-7619-41D7-8D3D-ED64090B2A4E}"
EndProject
Project("{2150E333-8FDC-42A3-9474-1A3956D46DE8}") = "Chapter11", "Chapter11", "{FFE73F28-A995-4D92-88F2-FCD4CAA64797}"
EndProject
Project("{FAE04EC0-301F-11D3-BF4B-00C04F79EFBC}") = "ParamArrays", "Chapter11\ParamArrays\ParamArrays.csproj", "{4F09DC49-E042-4624-9458-0FC54101FF20}"
EndProject
Project("{FAE04EC0-301F-11D3-BF4B-00C04F79EFBC}") = "Test13", "Test\Test13\Test13.csproj", "{C01CCAF4-8CD4-464E-B406-A8277A2AD46B}"
EndProject
Project("{2150E333-8FDC-42A3-9474-1A3956D46DE8}") = "Chapter12", "Chapter12", "{78B2189B-6B02-4A0D-9213-B050D8530F02}"
EndProject
Project("{FAE04EC0-301F-11D3-BF4B-00C04F79EFBC}") = "Vehicle", "Chapter12\Vehicle\Vehicle.csproj", "{1135D437-0CF8-41A1-828B-232477A12617}"
EndProject
Project("{FAE04EC0-301F-11D3-BF4B-00C04F79EFBC}") = "Test14", "Test\Test14\Test14.csproj", "{92C69C34-EF96-40E0-95A2-037E8BD09FE2}"
EndProject
Project("{FAE04EC0-301F-11D3-BF4B-00C04F79EFBC}") = "ExtensionMethod", "Chapter12\ExtensionMethod\ExtensionMethod.csproj", "{21005D21-F6EF-4090-B476-360115F5FE1E}"
EndProject
Project("{FAE04EC0-301F-11D3-BF4B-00C04F79EFBC}") = "Test15", "Test\Test15\Test15.csproj", "{E414C992-6E97-4472-9464-E5B65393D886}"
EndProject
Project("{2150E333-8FDC-42A3-9474-1A3956D46DE8}") = "Chapter13", "Chapter13", "{32CE3112-7A70-4147-9700-096CF0570A30}"
EndProject
Project("{FAE04EC0-301F-11D3-BF4B-00C04F79EFBC}") = "Drawing", "Chapter13\Drawing\Drawing.csproj", "{455FC420-AD6A-472A-9F36-47A1D30C037F}"
EndProject
Project("{FAE04EC0-301F-11D3-BF4B-00C04F79EFBC}") = "Test16", "Test\Test16\Test16.csproj", "{69DC322E-E685-45B1-B51B-03C3F67E6133}"
EndProject
Project("{2150E333-8FDC-42A3-9474-1A3956D46DE8}") = "Chapter14", "Chapter14", "{62E19A28-95DC-4487-8A79-F28E68B593B2}"
EndProject
Project("{FAE04EC0-301F-11D3-BF4B-00C04F79EFBC}") = "GarbageCollection", "Chapter14\GarbageCollection\GarbageCollection.csproj", "{9AF78B4B-3255-4004-A65F-BF436AF0D17C}"
EndProject
Project("{2150E333-8FDC-42A3-9474-1A3956D46DE8}") = "Chapter15", "Chapter15", "{DB004400-EDF3-45F1-A0C4-89D702A846CA}"
EndProject
Project("{FAE04EC0-301F-11D3-BF4B-00C04F79EFBC}") = "Test17", "Test\Test17\Test17.csproj", "{4029ADC7-8AB6-4D97-AE22-D3AB2D030697}"
EndProject
Project("{FAE04EC0-301F-11D3-BF4B-00C04F79EFBC}") = "Drawing", "Chapter15\Drawing\Drawing.csproj", "{D148C907-6FAD-4EE8-94D3-8FA0E80FC165}"
EndProject
Project("{FAE04EC0-301F-11D3-BF4B-00C04F79EFBC}") = "Test18", "Test\Test18\Test18.csproj", "{0DD2AE8B-D7E2-45B7-B7E6-3C2D54FDB35C}"
EndProject
Project("{FAE04EC0-301F-11D3-BF4B-00C04F79EFBC}") = "Test19", "Test\Test19\Test19.csproj", "{6621A6AF-10E0-431A-ACC6-CE9F12114CCD}"
EndProject
Project("{FAE04EC0-301F-11D3-BF4B-00C04F79EFBC}") = "AutomaticProperties.cs", "Chapter15\AutomaticProperties.cs\AutomaticProperties.cs.csproj", "{1D74562B-A32E-4457-AF03-9A30ED6F0D89}"
EndProject
Project("{FAE04EC0-301F-11D3-BF4B-00C04F79EFBC}") = "Test20", "Test\Test20\Test20.csproj", "{8A10114A-48CE-4360-9637-1B85305F1BB2}"
EndProject
Project("{FAE04EC0-301F-11D3-BF4B-00C04F79EFBC}") = "StudentEnrollment.cs", "Chapter15\StudentEnrollment.cs\StudentEnrollment.cs.csproj", "{139EE9E5-416E-4CCA-A2D7-71532DD57248}"
EndProject
Project("{2150E333-8FDC-42A3-9474-1A3956D46DE8}") = "Chapter16", "Chapter16", "{DDE1FD49-50BB-4FCC-885E-44B55E564EA6}"
EndProject
Project("{FAE04EC0-301F-11D3-BF4B-00C04F79EFBC}") = "Indexers", "Chapter16\Indexers\Indexers.csproj", "{DD25AE4A-15C0-4757-AB57-AA7220249742}"
EndProject
Global
	GlobalSection(SolutionConfigurationPlatforms) = preSolution
		Debug|Any CPU = Debug|Any CPU
		Release|Any CPU = Release|Any CPU
	EndGlobalSection
	GlobalSection(ProjectConfigurationPlatforms) = postSolution
		{24888827-1D5D-41ED-991A-552D2DDE0F50}.Debug|Any CPU.ActiveCfg = Debug|Any CPU
		{24888827-1D5D-41ED-991A-552D2DDE0F50}.Debug|Any CPU.Build.0 = Debug|Any CPU
		{24888827-1D5D-41ED-991A-552D2DDE0F50}.Release|Any CPU.ActiveCfg = Release|Any CPU
		{24888827-1D5D-41ED-991A-552D2DDE0F50}.Release|Any CPU.Build.0 = Release|Any CPU
		{AB6510C0-D819-4138-B513-7D1CCAAB8B6F}.Debug|Any CPU.ActiveCfg = Debug|Any CPU
		{AB6510C0-D819-4138-B513-7D1CCAAB8B6F}.Debug|Any CPU.Build.0 = Debug|Any CPU
		{AB6510C0-D819-4138-B513-7D1CCAAB8B6F}.Release|Any CPU.ActiveCfg = Release|Any CPU
		{AB6510C0-D819-4138-B513-7D1CCAAB8B6F}.Release|Any CPU.Build.0 = Release|Any CPU
		{E8932B6B-1F15-451A-BB9F-B810063BCCAA}.Debug|Any CPU.ActiveCfg = Debug|Any CPU
		{E8932B6B-1F15-451A-BB9F-B810063BCCAA}.Debug|Any CPU.Build.0 = Debug|Any CPU
		{E8932B6B-1F15-451A-BB9F-B810063BCCAA}.Release|Any CPU.ActiveCfg = Release|Any CPU
		{E8932B6B-1F15-451A-BB9F-B810063BCCAA}.Release|Any CPU.Build.0 = Release|Any CPU
		{F5B07663-E8CA-49ED-8985-0E1F3F4977D0}.Debug|Any CPU.ActiveCfg = Debug|x86
		{F5B07663-E8CA-49ED-8985-0E1F3F4977D0}.Debug|Any CPU.Build.0 = Debug|x86
		{F5B07663-E8CA-49ED-8985-0E1F3F4977D0}.Release|Any CPU.ActiveCfg = Release|x86
		{F5B07663-E8CA-49ED-8985-0E1F3F4977D0}.Release|Any CPU.Build.0 = Release|x86
		{36105C4C-5685-476E-A237-9545F14CE289}.Debug|Any CPU.ActiveCfg = Debug|x86
		{36105C4C-5685-476E-A237-9545F14CE289}.Debug|Any CPU.Build.0 = Debug|x86
		{36105C4C-5685-476E-A237-9545F14CE289}.Release|Any CPU.ActiveCfg = Release|x86
		{36105C4C-5685-476E-A237-9545F14CE289}.Release|Any CPU.Build.0 = Release|x86
		{760EDA5C-9295-495A-8883-43A5D7D4E043}.Debug|Any CPU.ActiveCfg = Debug|x86
		{760EDA5C-9295-495A-8883-43A5D7D4E043}.Debug|Any CPU.Build.0 = Debug|x86
		{760EDA5C-9295-495A-8883-43A5D7D4E043}.Release|Any CPU.ActiveCfg = Release|x86
		{760EDA5C-9295-495A-8883-43A5D7D4E043}.Release|Any CPU.Build.0 = Release|x86
		{D17D860A-6786-447E-9A28-A65FEB222B8D}.Debug|Any CPU.ActiveCfg = Debug|x86
		{D17D860A-6786-447E-9A28-A65FEB222B8D}.Debug|Any CPU.Build.0 = Debug|x86
		{D17D860A-6786-447E-9A28-A65FEB222B8D}.Release|Any CPU.ActiveCfg = Release|x86
		{D17D860A-6786-447E-9A28-A65FEB222B8D}.Release|Any CPU.Build.0 = Release|x86
		{27331568-5D13-4713-888B-013079A9FD2E}.Debug|Any CPU.ActiveCfg = Debug|Any CPU
		{27331568-5D13-4713-888B-013079A9FD2E}.Debug|Any CPU.Build.0 = Debug|Any CPU
		{27331568-5D13-4713-888B-013079A9FD2E}.Release|Any CPU.ActiveCfg = Release|Any CPU
		{27331568-5D13-4713-888B-013079A9FD2E}.Release|Any CPU.Build.0 = Release|Any CPU
		{7276462A-22CB-4A20-9562-3B78D98E6DC7}.Debug|Any CPU.ActiveCfg = Debug|Any CPU
		{7276462A-22CB-4A20-9562-3B78D98E6DC7}.Debug|Any CPU.Build.0 = Debug|Any CPU
		{7276462A-22CB-4A20-9562-3B78D98E6DC7}.Release|Any CPU.ActiveCfg = Release|Any CPU
		{7276462A-22CB-4A20-9562-3B78D98E6DC7}.Release|Any CPU.Build.0 = Release|Any CPU
		{A8A0DBE9-1B89-43E5-A856-30D3254E843C}.Debug|Any CPU.ActiveCfg = Debug|Any CPU
		{A8A0DBE9-1B89-43E5-A856-30D3254E843C}.Debug|Any CPU.Build.0 = Debug|Any CPU
		{A8A0DBE9-1B89-43E5-A856-30D3254E843C}.Release|Any CPU.ActiveCfg = Release|Any CPU
		{A8A0DBE9-1B89-43E5-A856-30D3254E843C}.Release|Any CPU.Build.0 = Release|Any CPU
		{0DE4CAF7-F596-4540-AD9D-2AD5F35AE9FB}.Debug|Any CPU.ActiveCfg = Debug|x86
		{0DE4CAF7-F596-4540-AD9D-2AD5F35AE9FB}.Debug|Any CPU.Build.0 = Debug|x86
		{0DE4CAF7-F596-4540-AD9D-2AD5F35AE9FB}.Release|Any CPU.ActiveCfg = Release|x86
		{0DE4CAF7-F596-4540-AD9D-2AD5F35AE9FB}.Release|Any CPU.Build.0 = Release|x86
		{CBFB0D9D-B74D-4D18-A6B1-0D1B6FBD58DC}.Debug|Any CPU.ActiveCfg = Debug|x86
		{CBFB0D9D-B74D-4D18-A6B1-0D1B6FBD58DC}.Debug|Any CPU.Build.0 = Debug|x86
		{CBFB0D9D-B74D-4D18-A6B1-0D1B6FBD58DC}.Release|Any CPU.ActiveCfg = Release|x86
		{CBFB0D9D-B74D-4D18-A6B1-0D1B6FBD58DC}.Release|Any CPU.Build.0 = Release|x86
		{128A78C5-8292-4705-88CC-C2419306C0B7}.Debug|Any CPU.ActiveCfg = Debug|x86
		{128A78C5-8292-4705-88CC-C2419306C0B7}.Debug|Any CPU.Build.0 = Debug|x86
		{128A78C5-8292-4705-88CC-C2419306C0B7}.Release|Any CPU.ActiveCfg = Release|x86
		{128A78C5-8292-4705-88CC-C2419306C0B7}.Release|Any CPU.Build.0 = Release|x86
		{5A342560-AA69-4CF4-900D-D236F935472E}.Debug|Any CPU.ActiveCfg = Debug|x86
		{5A342560-AA69-4CF4-900D-D236F935472E}.Debug|Any CPU.Build.0 = Debug|x86
		{5A342560-AA69-4CF4-900D-D236F935472E}.Release|Any CPU.ActiveCfg = Release|x86
		{5A342560-AA69-4CF4-900D-D236F935472E}.Release|Any CPU.Build.0 = Release|x86
		{F3B3802F-FA35-4BFB-895B-3DF07672A25A}.Debug|Any CPU.ActiveCfg = Debug|x86
		{F3B3802F-FA35-4BFB-895B-3DF07672A25A}.Debug|Any CPU.Build.0 = Debug|x86
		{F3B3802F-FA35-4BFB-895B-3DF07672A25A}.Release|Any CPU.ActiveCfg = Release|x86
		{F3B3802F-FA35-4BFB-895B-3DF07672A25A}.Release|Any CPU.Build.0 = Release|x86
		{8C8C70F6-182A-4BFC-B1B9-F5329C46BE34}.Debug|Any CPU.ActiveCfg = Debug|Any CPU
		{8C8C70F6-182A-4BFC-B1B9-F5329C46BE34}.Debug|Any CPU.Build.0 = Debug|Any CPU
		{8C8C70F6-182A-4BFC-B1B9-F5329C46BE34}.Release|Any CPU.ActiveCfg = Release|Any CPU
		{8C8C70F6-182A-4BFC-B1B9-F5329C46BE34}.Release|Any CPU.Build.0 = Release|Any CPU
		{AAC43C90-4A3B-4B10-A493-609E0BFF81F9}.Debug|Any CPU.ActiveCfg = Debug|Any CPU
		{AAC43C90-4A3B-4B10-A493-609E0BFF81F9}.Debug|Any CPU.Build.0 = Debug|Any CPU
		{AAC43C90-4A3B-4B10-A493-609E0BFF81F9}.Release|Any CPU.ActiveCfg = Release|Any CPU
		{AAC43C90-4A3B-4B10-A493-609E0BFF81F9}.Release|Any CPU.Build.0 = Release|Any CPU
		{31D486AA-9A95-42C8-A94E-0DE556CFD30A}.Debug|Any CPU.ActiveCfg = Debug|Any CPU
		{31D486AA-9A95-42C8-A94E-0DE556CFD30A}.Debug|Any CPU.Build.0 = Debug|Any CPU
		{31D486AA-9A95-42C8-A94E-0DE556CFD30A}.Release|Any CPU.ActiveCfg = Release|Any CPU
		{31D486AA-9A95-42C8-A94E-0DE556CFD30A}.Release|Any CPU.Build.0 = Release|Any CPU
		{FB1D434A-EB61-4B1C-B60C-86FFE53D8B35}.Debug|Any CPU.ActiveCfg = Debug|Any CPU
		{FB1D434A-EB61-4B1C-B60C-86FFE53D8B35}.Debug|Any CPU.Build.0 = Debug|Any CPU
		{FB1D434A-EB61-4B1C-B60C-86FFE53D8B35}.Release|Any CPU.ActiveCfg = Release|Any CPU
		{FB1D434A-EB61-4B1C-B60C-86FFE53D8B35}.Release|Any CPU.Build.0 = Release|Any CPU
		{F289D616-BA68-4E61-94C6-7ADD2304657F}.Debug|Any CPU.ActiveCfg = Debug|Any CPU
		{F289D616-BA68-4E61-94C6-7ADD2304657F}.Debug|Any CPU.Build.0 = Debug|Any CPU
		{F289D616-BA68-4E61-94C6-7ADD2304657F}.Release|Any CPU.ActiveCfg = Release|Any CPU
		{F289D616-BA68-4E61-94C6-7ADD2304657F}.Release|Any CPU.Build.0 = Release|Any CPU
		{1D98AF91-7368-41CB-AEDD-C52EECA05F15}.Debug|Any CPU.ActiveCfg = Debug|Any CPU
		{1D98AF91-7368-41CB-AEDD-C52EECA05F15}.Debug|Any CPU.Build.0 = Debug|Any CPU
		{1D98AF91-7368-41CB-AEDD-C52EECA05F15}.Release|Any CPU.ActiveCfg = Release|Any CPU
		{1D98AF91-7368-41CB-AEDD-C52EECA05F15}.Release|Any CPU.Build.0 = Release|Any CPU
		{CEFB4890-2747-4387-9607-5151007BC668}.Debug|Any CPU.ActiveCfg = Debug|Any CPU
		{CEFB4890-2747-4387-9607-5151007BC668}.Debug|Any CPU.Build.0 = Debug|Any CPU
		{CEFB4890-2747-4387-9607-5151007BC668}.Release|Any CPU.ActiveCfg = Release|Any CPU
		{CEFB4890-2747-4387-9607-5151007BC668}.Release|Any CPU.Build.0 = Release|Any CPU
		{AD4C7A6A-7A83-4FD1-BC3C-2F4A26E66F69}.Debug|Any CPU.ActiveCfg = Debug|Any CPU
		{AD4C7A6A-7A83-4FD1-BC3C-2F4A26E66F69}.Debug|Any CPU.Build.0 = Debug|Any CPU
		{AD4C7A6A-7A83-4FD1-BC3C-2F4A26E66F69}.Release|Any CPU.ActiveCfg = Release|Any CPU
		{AD4C7A6A-7A83-4FD1-BC3C-2F4A26E66F69}.Release|Any CPU.Build.0 = Release|Any CPU
		{CBD9DBA0-0C66-4852-9AAB-D80494ED1830}.Debug|Any CPU.ActiveCfg = Debug|Any CPU
		{CBD9DBA0-0C66-4852-9AAB-D80494ED1830}.Debug|Any CPU.Build.0 = Debug|Any CPU
		{CBD9DBA0-0C66-4852-9AAB-D80494ED1830}.Release|Any CPU.ActiveCfg = Release|Any CPU
		{CBD9DBA0-0C66-4852-9AAB-D80494ED1830}.Release|Any CPU.Build.0 = Release|Any CPU
		{CFBF405A-7361-4AB5-A774-A97FA876DFEA}.Debug|Any CPU.ActiveCfg = Debug|Any CPU
		{CFBF405A-7361-4AB5-A774-A97FA876DFEA}.Debug|Any CPU.Build.0 = Debug|Any CPU
		{CFBF405A-7361-4AB5-A774-A97FA876DFEA}.Release|Any CPU.ActiveCfg = Release|Any CPU
		{CFBF405A-7361-4AB5-A774-A97FA876DFEA}.Release|Any CPU.Build.0 = Release|Any CPU
		{5EDFCE36-B865-4CE9-8937-2126B417978C}.Debug|Any CPU.ActiveCfg = Debug|Any CPU
		{5EDFCE36-B865-4CE9-8937-2126B417978C}.Debug|Any CPU.Build.0 = Debug|Any CPU
		{5EDFCE36-B865-4CE9-8937-2126B417978C}.Release|Any CPU.ActiveCfg = Release|Any CPU
		{5EDFCE36-B865-4CE9-8937-2126B417978C}.Release|Any CPU.Build.0 = Release|Any CPU
		{C1A2EB3C-2DAA-4EA1-B1F3-57F958E73B87}.Debug|Any CPU.ActiveCfg = Debug|Any CPU
		{C1A2EB3C-2DAA-4EA1-B1F3-57F958E73B87}.Debug|Any CPU.Build.0 = Debug|Any CPU
		{C1A2EB3C-2DAA-4EA1-B1F3-57F958E73B87}.Release|Any CPU.ActiveCfg = Release|Any CPU
		{C1A2EB3C-2DAA-4EA1-B1F3-57F958E73B87}.Release|Any CPU.Build.0 = Release|Any CPU
		{09057922-5070-410A-9740-42B2F869E495}.Debug|Any CPU.ActiveCfg = Debug|Any CPU
		{09057922-5070-410A-9740-42B2F869E495}.Debug|Any CPU.Build.0 = Debug|Any CPU
		{09057922-5070-410A-9740-42B2F869E495}.Release|Any CPU.ActiveCfg = Release|Any CPU
		{09057922-5070-410A-9740-42B2F869E495}.Release|Any CPU.Build.0 = Release|Any CPU
		{0F41258D-74C1-4828-ABEB-45C55E1DE7A4}.Debug|Any CPU.ActiveCfg = Debug|x86
		{0F41258D-74C1-4828-ABEB-45C55E1DE7A4}.Debug|Any CPU.Build.0 = Debug|x86
		{0F41258D-74C1-4828-ABEB-45C55E1DE7A4}.Release|Any CPU.ActiveCfg = Release|x86
		{0F41258D-74C1-4828-ABEB-45C55E1DE7A4}.Release|Any CPU.Build.0 = Release|x86
		{701C9B1C-89B2-476D-8574-BEA5526C6A39}.Debug|Any CPU.ActiveCfg = Debug|Any CPU
		{701C9B1C-89B2-476D-8574-BEA5526C6A39}.Debug|Any CPU.Build.0 = Debug|Any CPU
		{701C9B1C-89B2-476D-8574-BEA5526C6A39}.Release|Any CPU.ActiveCfg = Release|Any CPU
		{701C9B1C-89B2-476D-8574-BEA5526C6A39}.Release|Any CPU.Build.0 = Release|Any CPU
		{2659EFEA-03E1-4A9B-A420-57737F839300}.Debug|Any CPU.ActiveCfg = Debug|Any CPU
		{2659EFEA-03E1-4A9B-A420-57737F839300}.Debug|Any CPU.Build.0 = Debug|Any CPU
		{2659EFEA-03E1-4A9B-A420-57737F839300}.Release|Any CPU.ActiveCfg = Release|Any CPU
		{2659EFEA-03E1-4A9B-A420-57737F839300}.Release|Any CPU.Build.0 = Release|Any CPU
		{2D460DAE-7619-41D7-8D3D-ED64090B2A4E}.Debug|Any CPU.ActiveCfg = Debug|Any CPU
		{2D460DAE-7619-41D7-8D3D-ED64090B2A4E}.Debug|Any CPU.Build.0 = Debug|Any CPU
		{2D460DAE-7619-41D7-8D3D-ED64090B2A4E}.Release|Any CPU.ActiveCfg = Release|Any CPU
		{2D460DAE-7619-41D7-8D3D-ED64090B2A4E}.Release|Any CPU.Build.0 = Release|Any CPU
		{4F09DC49-E042-4624-9458-0FC54101FF20}.Debug|Any CPU.ActiveCfg = Debug|Any CPU
		{4F09DC49-E042-4624-9458-0FC54101FF20}.Debug|Any CPU.Build.0 = Debug|Any CPU
		{4F09DC49-E042-4624-9458-0FC54101FF20}.Release|Any CPU.ActiveCfg = Release|Any CPU
		{4F09DC49-E042-4624-9458-0FC54101FF20}.Release|Any CPU.Build.0 = Release|Any CPU
		{C01CCAF4-8CD4-464E-B406-A8277A2AD46B}.Debug|Any CPU.ActiveCfg = Debug|Any CPU
		{C01CCAF4-8CD4-464E-B406-A8277A2AD46B}.Debug|Any CPU.Build.0 = Debug|Any CPU
		{C01CCAF4-8CD4-464E-B406-A8277A2AD46B}.Release|Any CPU.ActiveCfg = Release|Any CPU
		{C01CCAF4-8CD4-464E-B406-A8277A2AD46B}.Release|Any CPU.Build.0 = Release|Any CPU
		{1135D437-0CF8-41A1-828B-232477A12617}.Debug|Any CPU.ActiveCfg = Debug|Any CPU
		{1135D437-0CF8-41A1-828B-232477A12617}.Debug|Any CPU.Build.0 = Debug|Any CPU
		{1135D437-0CF8-41A1-828B-232477A12617}.Release|Any CPU.ActiveCfg = Release|Any CPU
		{1135D437-0CF8-41A1-828B-232477A12617}.Release|Any CPU.Build.0 = Release|Any CPU
		{92C69C34-EF96-40E0-95A2-037E8BD09FE2}.Debug|Any CPU.ActiveCfg = Debug|Any CPU
		{92C69C34-EF96-40E0-95A2-037E8BD09FE2}.Debug|Any CPU.Build.0 = Debug|Any CPU
		{92C69C34-EF96-40E0-95A2-037E8BD09FE2}.Release|Any CPU.ActiveCfg = Release|Any CPU
		{92C69C34-EF96-40E0-95A2-037E8BD09FE2}.Release|Any CPU.Build.0 = Release|Any CPU
		{21005D21-F6EF-4090-B476-360115F5FE1E}.Debug|Any CPU.ActiveCfg = Debug|Any CPU
		{21005D21-F6EF-4090-B476-360115F5FE1E}.Debug|Any CPU.Build.0 = Debug|Any CPU
		{21005D21-F6EF-4090-B476-360115F5FE1E}.Release|Any CPU.ActiveCfg = Release|Any CPU
		{21005D21-F6EF-4090-B476-360115F5FE1E}.Release|Any CPU.Build.0 = Release|Any CPU
		{E414C992-6E97-4472-9464-E5B65393D886}.Debug|Any CPU.ActiveCfg = Debug|Any CPU
		{E414C992-6E97-4472-9464-E5B65393D886}.Debug|Any CPU.Build.0 = Debug|Any CPU
		{E414C992-6E97-4472-9464-E5B65393D886}.Release|Any CPU.ActiveCfg = Release|Any CPU
		{E414C992-6E97-4472-9464-E5B65393D886}.Release|Any CPU.Build.0 = Release|Any CPU
		{455FC420-AD6A-472A-9F36-47A1D30C037F}.Debug|Any CPU.ActiveCfg = Debug|x86
		{455FC420-AD6A-472A-9F36-47A1D30C037F}.Debug|Any CPU.Build.0 = Debug|x86
		{455FC420-AD6A-472A-9F36-47A1D30C037F}.Release|Any CPU.ActiveCfg = Release|x86
		{455FC420-AD6A-472A-9F36-47A1D30C037F}.Release|Any CPU.Build.0 = Release|x86
		{69DC322E-E685-45B1-B51B-03C3F67E6133}.Debug|Any CPU.ActiveCfg = Debug|Any CPU
		{69DC322E-E685-45B1-B51B-03C3F67E6133}.Debug|Any CPU.Build.0 = Debug|Any CPU
		{69DC322E-E685-45B1-B51B-03C3F67E6133}.Release|Any CPU.ActiveCfg = Release|Any CPU
		{69DC322E-E685-45B1-B51B-03C3F67E6133}.Release|Any CPU.Build.0 = Release|Any CPU
		{9AF78B4B-3255-4004-A65F-BF436AF0D17C}.Debug|Any CPU.ActiveCfg = Debug|Any CPU
		{9AF78B4B-3255-4004-A65F-BF436AF0D17C}.Debug|Any CPU.Build.0 = Debug|Any CPU
		{9AF78B4B-3255-4004-A65F-BF436AF0D17C}.Release|Any CPU.ActiveCfg = Release|Any CPU
		{9AF78B4B-3255-4004-A65F-BF436AF0D17C}.Release|Any CPU.Build.0 = Release|Any CPU
		{4029ADC7-8AB6-4D97-AE22-D3AB2D030697}.Debug|Any CPU.ActiveCfg = Debug|Any CPU
		{4029ADC7-8AB6-4D97-AE22-D3AB2D030697}.Debug|Any CPU.Build.0 = Debug|Any CPU
		{4029ADC7-8AB6-4D97-AE22-D3AB2D030697}.Release|Any CPU.ActiveCfg = Release|Any CPU
		{4029ADC7-8AB6-4D97-AE22-D3AB2D030697}.Release|Any CPU.Build.0 = Release|Any CPU
		{D148C907-6FAD-4EE8-94D3-8FA0E80FC165}.Debug|Any CPU.ActiveCfg = Debug|x86
		{D148C907-6FAD-4EE8-94D3-8FA0E80FC165}.Debug|Any CPU.Build.0 = Debug|x86
		{D148C907-6FAD-4EE8-94D3-8FA0E80FC165}.Release|Any CPU.ActiveCfg = Release|x86
		{D148C907-6FAD-4EE8-94D3-8FA0E80FC165}.Release|Any CPU.Build.0 = Release|x86
		{0DD2AE8B-D7E2-45B7-B7E6-3C2D54FDB35C}.Debug|Any CPU.ActiveCfg = Debug|Any CPU
		{0DD2AE8B-D7E2-45B7-B7E6-3C2D54FDB35C}.Debug|Any CPU.Build.0 = Debug|Any CPU
		{0DD2AE8B-D7E2-45B7-B7E6-3C2D54FDB35C}.Release|Any CPU.ActiveCfg = Release|Any CPU
		{0DD2AE8B-D7E2-45B7-B7E6-3C2D54FDB35C}.Release|Any CPU.Build.0 = Release|Any CPU
		{6621A6AF-10E0-431A-ACC6-CE9F12114CCD}.Debug|Any CPU.ActiveCfg = Debug|Any CPU
		{6621A6AF-10E0-431A-ACC6-CE9F12114CCD}.Debug|Any CPU.Build.0 = Debug|Any CPU
		{6621A6AF-10E0-431A-ACC6-CE9F12114CCD}.Release|Any CPU.ActiveCfg = Release|Any CPU
		{6621A6AF-10E0-431A-ACC6-CE9F12114CCD}.Release|Any CPU.Build.0 = Release|Any CPU
		{1D74562B-A32E-4457-AF03-9A30ED6F0D89}.Debug|Any CPU.ActiveCfg = Debug|Any CPU
		{1D74562B-A32E-4457-AF03-9A30ED6F0D89}.Debug|Any CPU.Build.0 = Debug|Any CPU
		{1D74562B-A32E-4457-AF03-9A30ED6F0D89}.Release|Any CPU.ActiveCfg = Release|Any CPU
		{1D74562B-A32E-4457-AF03-9A30ED6F0D89}.Release|Any CPU.Build.0 = Release|Any CPU
		{8A10114A-48CE-4360-9637-1B85305F1BB2}.Debug|Any CPU.ActiveCfg = Debug|Any CPU
		{8A10114A-48CE-4360-9637-1B85305F1BB2}.Debug|Any CPU.Build.0 = Debug|Any CPU
		{8A10114A-48CE-4360-9637-1B85305F1BB2}.Release|Any CPU.ActiveCfg = Release|Any CPU
		{8A10114A-48CE-4360-9637-1B85305F1BB2}.Release|Any CPU.Build.0 = Release|Any CPU
		{139EE9E5-416E-4CCA-A2D7-71532DD57248}.Debug|Any CPU.ActiveCfg = Debug|Any CPU
		{139EE9E5-416E-4CCA-A2D7-71532DD57248}.Debug|Any CPU.Build.0 = Debug|Any CPU
		{139EE9E5-416E-4CCA-A2D7-71532DD57248}.Release|Any CPU.ActiveCfg = Release|Any CPU
		{139EE9E5-416E-4CCA-A2D7-71532DD57248}.Release|Any CPU.Build.0 = Release|Any CPU
		{DD25AE4A-15C0-4757-AB57-AA7220249742}.Debug|Any CPU.ActiveCfg = Debug|x86
		{DD25AE4A-15C0-4757-AB57-AA7220249742}.Debug|Any CPU.Build.0 = Debug|x86
		{DD25AE4A-15C0-4757-AB57-AA7220249742}.Release|Any CPU.ActiveCfg = Release|x86
		{DD25AE4A-15C0-4757-AB57-AA7220249742}.Release|Any CPU.Build.0 = Release|x86
	EndGlobalSection
	GlobalSection(SolutionProperties) = preSolution
		HideSolutionNode = FALSE
	EndGlobalSection
	GlobalSection(NestedProjects) = preSolution
		{24888827-1D5D-41ED-991A-552D2DDE0F50} = {3E25FA9B-24F4-47CD-BEA9-40F6AD8EB49D}
		{AB6510C0-D819-4138-B513-7D1CCAAB8B6F} = {3E25FA9B-24F4-47CD-BEA9-40F6AD8EB49D}
		{E8932B6B-1F15-451A-BB9F-B810063BCCAA} = {3E25FA9B-24F4-47CD-BEA9-40F6AD8EB49D}
		{F5B07663-E8CA-49ED-8985-0E1F3F4977D0} = {3E25FA9B-24F4-47CD-BEA9-40F6AD8EB49D}
		{36105C4C-5685-476E-A237-9545F14CE289} = {FD3C9FEF-4C76-4210-9BCF-050C21FD2FDE}
		{760EDA5C-9295-495A-8883-43A5D7D4E043} = {FD3C9FEF-4C76-4210-9BCF-050C21FD2FDE}
		{D17D860A-6786-447E-9A28-A65FEB222B8D} = {4B84E115-36FB-4416-9CE2-4FC381B15099}
		{27331568-5D13-4713-888B-013079A9FD2E} = {4B84E115-36FB-4416-9CE2-4FC381B15099}
		{7276462A-22CB-4A20-9562-3B78D98E6DC7} = {4B84E115-36FB-4416-9CE2-4FC381B15099}
		{A8A0DBE9-1B89-43E5-A856-30D3254E843C} = {4B84E115-36FB-4416-9CE2-4FC381B15099}
		{0DE4CAF7-F596-4540-AD9D-2AD5F35AE9FB} = {6DF1CA32-59C2-4B92-9E8C-3E09E0981C56}
		{CBFB0D9D-B74D-4D18-A6B1-0D1B6FBD58DC} = {6DF1CA32-59C2-4B92-9E8C-3E09E0981C56}
		{128A78C5-8292-4705-88CC-C2419306C0B7} = {690922CB-720D-4719-B933-DDCBFCCE108C}
		{5A342560-AA69-4CF4-900D-D236F935472E} = {690922CB-720D-4719-B933-DDCBFCCE108C}
		{F3B3802F-FA35-4BFB-895B-3DF07672A25A} = {5DE77CCB-D549-4F79-97C2-6725199CB1BD}
		{8C8C70F6-182A-4BFC-B1B9-F5329C46BE34} = {338D5CA4-23BF-4FB5-B25D-05BC44B53886}
		{AAC43C90-4A3B-4B10-A493-609E0BFF81F9} = {48F597B7-E18E-44C5-8BC3-2C9EC0F73BF7}
		{31D486AA-9A95-42C8-A94E-0DE556CFD30A} = {F6C4392C-FAE8-481E-98CE-81D5728185A7}
		{FB1D434A-EB61-4B1C-B60C-86FFE53D8B35} = {F6C4392C-FAE8-481E-98CE-81D5728185A7}
		{F289D616-BA68-4E61-94C6-7ADD2304657F} = {F6C4392C-FAE8-481E-98CE-81D5728185A7}
		{1D98AF91-7368-41CB-AEDD-C52EECA05F15} = {F6C4392C-FAE8-481E-98CE-81D5728185A7}
		{CEFB4890-2747-4387-9607-5151007BC668} = {F6C4392C-FAE8-481E-98CE-81D5728185A7}
		{AD4C7A6A-7A83-4FD1-BC3C-2F4A26E66F69} = {F6C4392C-FAE8-481E-98CE-81D5728185A7}
		{CBD9DBA0-0C66-4852-9AAB-D80494ED1830} = {F6C4392C-FAE8-481E-98CE-81D5728185A7}
		{CFBF405A-7361-4AB5-A774-A97FA876DFEA} = {F6C4392C-FAE8-481E-98CE-81D5728185A7}
		{5EDFCE36-B865-4CE9-8937-2126B417978C} = {767ACEA5-2C24-4CA4-B268-17C79B4B0442}
		{C1A2EB3C-2DAA-4EA1-B1F3-57F958E73B87} = {F6C4392C-FAE8-481E-98CE-81D5728185A7}
		{09057922-5070-410A-9740-42B2F869E495} = {F6C4392C-FAE8-481E-98CE-81D5728185A7}
		{0F41258D-74C1-4828-ABEB-45C55E1DE7A4} = {99FD5B08-925A-43F7-BEB0-DB498066907C}
		{701C9B1C-89B2-476D-8574-BEA5526C6A39} = {F6C4392C-FAE8-481E-98CE-81D5728185A7}
		{2659EFEA-03E1-4A9B-A420-57737F839300} = {F6C4392C-FAE8-481E-98CE-81D5728185A7}
		{2D460DAE-7619-41D7-8D3D-ED64090B2A4E} = {F6C4392C-FAE8-481E-98CE-81D5728185A7}
		{4F09DC49-E042-4624-9458-0FC54101FF20} = {FFE73F28-A995-4D92-88F2-FCD4CAA64797}
		{C01CCAF4-8CD4-464E-B406-A8277A2AD46B} = {F6C4392C-FAE8-481E-98CE-81D5728185A7}
		{1135D437-0CF8-41A1-828B-232477A12617} = {78B2189B-6B02-4A0D-9213-B050D8530F02}
		{92C69C34-EF96-40E0-95A2-037E8BD09FE2} = {F6C4392C-FAE8-481E-98CE-81D5728185A7}
		{21005D21-F6EF-4090-B476-360115F5FE1E} = {78B2189B-6B02-4A0D-9213-B050D8530F02}
		{E414C992-6E97-4472-9464-E5B65393D886} = {F6C4392C-FAE8-481E-98CE-81D5728185A7}
		{455FC420-AD6A-472A-9F36-47A1D30C037F} = {32CE3112-7A70-4147-9700-096CF0570A30}
		{69DC322E-E685-45B1-B51B-03C3F67E6133} = {F6C4392C-FAE8-481E-98CE-81D5728185A7}
		{9AF78B4B-3255-4004-A65F-BF436AF0D17C} = {62E19A28-95DC-4487-8A79-F28E68B593B2}
		{4029ADC7-8AB6-4D97-AE22-D3AB2D030697} = {F6C4392C-FAE8-481E-98CE-81D5728185A7}
		{D148C907-6FAD-4EE8-94D3-8FA0E80FC165} = {DB004400-EDF3-45F1-A0C4-89D702A846CA}
		{0DD2AE8B-D7E2-45B7-B7E6-3C2D54FDB35C} = {F6C4392C-FAE8-481E-98CE-81D5728185A7}
		{6621A6AF-10E0-431A-ACC6-CE9F12114CCD} = {F6C4392C-FAE8-481E-98CE-81D5728185A7}
		{1D74562B-A32E-4457-AF03-9A30ED6F0D89} = {DB004400-EDF3-45F1-A0C4-89D702A846CA}
		{8A10114A-48CE-4360-9637-1B85305F1BB2} = {F6C4392C-FAE8-481E-98CE-81D5728185A7}
		{139EE9E5-416E-4CCA-A2D7-71532DD57248} = {DB004400-EDF3-45F1-A0C4-89D702A846CA}
		{DD25AE4A-15C0-4757-AB57-AA7220249742} = {DDE1FD49-50BB-4FCC-885E-44B55E564EA6}
	EndGlobalSection
EndGlobal
